// !$*UTF8*$!
{
	archiveVersion = 1;
	classes = {
	};
	objectVersion = 48;
	objects = {

/* Begin PBXBuildFile section */
		90827ED121256515002E89AA /* VSHomeContract.swift in Sources */ = {isa = PBXBuildFile; fileRef = 90827EC721256514002E89AA /* VSHomeContract.swift */; };
		90827ED221256515002E89AA /* VSHomeInteractor.swift in Sources */ = {isa = PBXBuildFile; fileRef = 90827EC921256514002E89AA /* VSHomeInteractor.swift */; };
		90827ED321256515002E89AA /* VSHomePresenter.swift in Sources */ = {isa = PBXBuildFile; fileRef = 90827ECB21256514002E89AA /* VSHomePresenter.swift */; };
		90827ED421256515002E89AA /* VSHomeRouter.swift in Sources */ = {isa = PBXBuildFile; fileRef = 90827ECD21256515002E89AA /* VSHomeRouter.swift */; };
		90827ED521256515002E89AA /* VSHomeView+Assemble.swift in Sources */ = {isa = PBXBuildFile; fileRef = 90827ECF21256515002E89AA /* VSHomeView+Assemble.swift */; };
		90827ED621256515002E89AA /* VSHomeView.swift in Sources */ = {isa = PBXBuildFile; fileRef = 90827ED021256515002E89AA /* VSHomeView.swift */; };
		90B9FB16212536AF009C0D88 /* AppDelegate.swift in Sources */ = {isa = PBXBuildFile; fileRef = 90B9FB15212536AF009C0D88 /* AppDelegate.swift */; };
		90B9FB18212536AF009C0D88 /* ViewController.swift in Sources */ = {isa = PBXBuildFile; fileRef = 90B9FB17212536AF009C0D88 /* ViewController.swift */; };
		90B9FB1B212536AF009C0D88 /* Main.storyboard in Resources */ = {isa = PBXBuildFile; fileRef = 90B9FB19212536AF009C0D88 /* Main.storyboard */; };
		90B9FB1D212536B0009C0D88 /* Assets.xcassets in Resources */ = {isa = PBXBuildFile; fileRef = 90B9FB1C212536B0009C0D88 /* Assets.xcassets */; };
		90B9FB20212536B0009C0D88 /* LaunchScreen.storyboard in Resources */ = {isa = PBXBuildFile; fileRef = 90B9FB1E212536B0009C0D88 /* LaunchScreen.storyboard */; };
/* End PBXBuildFile section */

/* Begin PBXFileReference section */
		90827EC721256514002E89AA /* VSHomeContract.swift */ = {isa = PBXFileReference; fileEncoding = 4; lastKnownFileType = sourcecode.swift; path = VSHomeContract.swift; sourceTree = "<group>"; };
		90827EC921256514002E89AA /* VSHomeInteractor.swift */ = {isa = PBXFileReference; fileEncoding = 4; lastKnownFileType = sourcecode.swift; path = VSHomeInteractor.swift; sourceTree = "<group>"; };
		90827ECB21256514002E89AA /* VSHomePresenter.swift */ = {isa = PBXFileReference; fileEncoding = 4; lastKnownFileType = sourcecode.swift; path = VSHomePresenter.swift; sourceTree = "<group>"; };
		90827ECD21256515002E89AA /* VSHomeRouter.swift */ = {isa = PBXFileReference; fileEncoding = 4; lastKnownFileType = sourcecode.swift; path = VSHomeRouter.swift; sourceTree = "<group>"; };
		90827ECF21256515002E89AA /* VSHomeView+Assemble.swift */ = {isa = PBXFileReference; fileEncoding = 4; lastKnownFileType = sourcecode.swift; path = "VSHomeView+Assemble.swift"; sourceTree = "<group>"; };
		90827ED021256515002E89AA /* VSHomeView.swift */ = {isa = PBXFileReference; fileEncoding = 4; lastKnownFileType = sourcecode.swift; path = VSHomeView.swift; sourceTree = "<group>"; };
		90B9FB12212536AF009C0D88 /* SampleVIPER.app */ = {isa = PBXFileReference; explicitFileType = wrapper.application; includeInIndex = 0; path = SampleVIPER.app; sourceTree = BUILT_PRODUCTS_DIR; };
		90B9FB15212536AF009C0D88 /* AppDelegate.swift */ = {isa = PBXFileReference; lastKnownFileType = sourcecode.swift; path = AppDelegate.swift; sourceTree = "<group>"; };
		90B9FB17212536AF009C0D88 /* ViewController.swift */ = {isa = PBXFileReference; lastKnownFileType = sourcecode.swift; path = ViewController.swift; sourceTree = "<group>"; };
		90B9FB1A212536AF009C0D88 /* Base */ = {isa = PBXFileReference; lastKnownFileType = file.storyboard; name = Base; path = Base.lproj/Main.storyboard; sourceTree = "<group>"; };
		90B9FB1C212536B0009C0D88 /* Assets.xcassets */ = {isa = PBXFileReference; lastKnownFileType = folder.assetcatalog; path = Assets.xcassets; sourceTree = "<group>"; };
		90B9FB1F212536B0009C0D88 /* Base */ = {isa = PBXFileReference; lastKnownFileType = file.storyboard; name = Base; path = Base.lproj/LaunchScreen.storyboard; sourceTree = "<group>"; };
		90B9FB21212536B0009C0D88 /* Info.plist */ = {isa = PBXFileReference; lastKnownFileType = text.plist.xml; path = Info.plist; sourceTree = "<group>"; };
/* End PBXFileReference section */

/* Begin PBXFrameworksBuildPhase section */
		90B9FB0F212536AF009C0D88 /* Frameworks */ = {
			isa = PBXFrameworksBuildPhase;
			buildActionMask = 2147483647;
			files = (
			);
			runOnlyForDeploymentPostprocessing = 0;
		};
/* End PBXFrameworksBuildPhase section */

/* Begin PBXGroup section */
		90827EC521256514002E89AA /* Home */ = {
			isa = PBXGroup;
			children = (
				90827EC621256514002E89AA /* Contract */,
				90827EC821256514002E89AA /* Interactor */,
				90827ECA21256514002E89AA /* Presenter */,
				90827ECC21256514002E89AA /* Router */,
				90827ECE21256515002E89AA /* View */,
			);
			name = Home;
			path = Modules/Home;
			sourceTree = SOURCE_ROOT;
		};
		90827EC621256514002E89AA /* Contract */ = {
			isa = PBXGroup;
			children = (
				90827EC721256514002E89AA /* VSHomeContract.swift */,
			);
			path = Contract;
			sourceTree = "<group>";
		};
		90827EC821256514002E89AA /* Interactor */ = {
			isa = PBXGroup;
			children = (
				90827EC921256514002E89AA /* VSHomeInteractor.swift */,
			);
			path = Interactor;
			sourceTree = "<group>";
		};
		90827ECA21256514002E89AA /* Presenter */ = {
			isa = PBXGroup;
			children = (
				90827ECB21256514002E89AA /* VSHomePresenter.swift */,
			);
			path = Presenter;
			sourceTree = "<group>";
		};
		90827ECC21256514002E89AA /* Router */ = {
			isa = PBXGroup;
			children = (
				90827ECD21256515002E89AA /* VSHomeRouter.swift */,
			);
			path = Router;
			sourceTree = "<group>";
		};
		90827ECE21256515002E89AA /* View */ = {
			isa = PBXGroup;
			children = (
				90827ECF21256515002E89AA /* VSHomeView+Assemble.swift */,
				90827ED021256515002E89AA /* VSHomeView.swift */,
			);
			path = View;
			sourceTree = "<group>";
		};
		90B9FB09212536AE009C0D88 = {
			isa = PBXGroup;
			children = (
				90B9FB14212536AF009C0D88 /* SampleVIPER */,
				90B9FB13212536AF009C0D88 /* Products */,
			);
			sourceTree = "<group>";
		};
		90B9FB13212536AF009C0D88 /* Products */ = {
			isa = PBXGroup;
			children = (
				90B9FB12212536AF009C0D88 /* SampleVIPER.app */,
			);
			name = Products;
			sourceTree = "<group>";
		};
		90B9FB14212536AF009C0D88 /* SampleVIPER */ = {
			isa = PBXGroup;
			children = (
				90827EC521256514002E89AA /* Home */,
				90B9FB15212536AF009C0D88 /* AppDelegate.swift */,
				90B9FB17212536AF009C0D88 /* ViewController.swift */,
				90B9FB19212536AF009C0D88 /* Main.storyboard */,
				90B9FB1C212536B0009C0D88 /* Assets.xcassets */,
				90B9FB1E212536B0009C0D88 /* LaunchScreen.storyboard */,
				90B9FB21212536B0009C0D88 /* Info.plist */,
			);
			path = SampleVIPER;
			sourceTree = "<group>";
		};
/* End PBXGroup section */

/* Begin PBXNativeTarget section */
		90B9FB11212536AF009C0D88 /* SampleVIPER */ = {
			isa = PBXNativeTarget;
			buildConfigurationList = 90B9FB24212536B0009C0D88 /* Build configuration list for PBXNativeTarget "SampleVIPER" */;
			buildPhases = (
				90B9FB0E212536AF009C0D88 /* Sources */,
				90B9FB0F212536AF009C0D88 /* Frameworks */,
				90B9FB10212536AF009C0D88 /* Resources */,
			);
			buildRules = (
			);
			dependencies = (
			);
			name = SampleVIPER;
			productName = SampleVIPER;
			productReference = 90B9FB12212536AF009C0D88 /* SampleVIPER.app */;
			productType = "com.apple.product-type.application";
		};
/* End PBXNativeTarget section */

/* Begin PBXProject section */
		90B9FB0A212536AE009C0D88 /* Project object */ = {
			isa = PBXProject;
			attributes = {
				LastSwiftUpdateCheck = 0940;
				LastUpgradeCheck = 0940;
				ORGANIZATIONNAME = masakasu;
				TargetAttributes = {
					90B9FB11212536AF009C0D88 = {
						CreatedOnToolsVersion = 9.4.1;
						ProvisioningStyle = Automatic;
					};
				};
			};
			buildConfigurationList = 90B9FB0D212536AE009C0D88 /* Build configuration list for PBXProject "SampleVIPER" */;
			compatibilityVersion = "Xcode 8.0";
			developmentRegion = en;
			hasScannedForEncodings = 0;
			knownRegions = (
				en,
				Base,
			);
			mainGroup = 90B9FB09212536AE009C0D88;
			productRefGroup = 90B9FB13212536AF009C0D88 /* Products */;
			projectDirPath = "";
			projectRoot = "";
			targets = (
				90B9FB11212536AF009C0D88 /* SampleVIPER */,
			);
		};
/* End PBXProject section */

/* Begin PBXResourcesBuildPhase section */
		90B9FB10212536AF009C0D88 /* Resources */ = {
			isa = PBXResourcesBuildPhase;
			buildActionMask = 2147483647;
			files = (
				90B9FB20212536B0009C0D88 /* LaunchScreen.storyboard in Resources */,
				90B9FB1D212536B0009C0D88 /* Assets.xcassets in Resources */,
				90B9FB1B212536AF009C0D88 /* Main.storyboard in Resources */,
			);
			runOnlyForDeploymentPostprocessing = 0;
		};
/* End PBXResourcesBuildPhase section */

/* Begin PBXSourcesBuildPhase section */
		90B9FB0E212536AF009C0D88 /* Sources */ = {
			isa = PBXSourcesBuildPhase;
			buildActionMask = 2147483647;
			files = (
				90827ED421256515002E89AA /* VSHomeRouter.swift in Sources */,
				90B9FB18212536AF009C0D88 /* ViewController.swift in Sources */,
				90827ED621256515002E89AA /* VSHomeView.swift in Sources */,
				90B9FB16212536AF009C0D88 /* AppDelegate.swift in Sources */,
				90827ED221256515002E89AA /* VSHomeInteractor.swift in Sources */,
				90827ED121256515002E89AA /* VSHomeContract.swift in Sources */,
				90827ED321256515002E89AA /* VSHomePresenter.swift in Sources */,
				90827ED521256515002E89AA /* VSHomeView+Assemble.swift in Sources */,
			);
			runOnlyForDeploymentPostprocessing = 0;
		};
/* End PBXSourcesBuildPhase section */

/* Begin PBXVariantGroup section */
		90B9FB19212536AF009C0D88 /* Main.storyboard */ = {
			isa = PBXVariantGroup;
			children = (
				90B9FB1A212536AF009C0D88 /* Base */,
			);
			name = Main.storyboard;
			sourceTree = "<group>";
		};
		90B9FB1E212536B0009C0D88 /* LaunchScreen.storyboard */ = {
			isa = PBXVariantGroup;
			children = (
				90B9FB1F212536B0009C0D88 /* Base */,
			);
			name = LaunchScreen.storyboard;
			sourceTree = "<group>";
		};
/* End PBXVariantGroup section */

/* Begin XCBuildConfiguration section */
		90B9FB22212536B0009C0D88 /* Debug */ = {
			isa = XCBuildConfiguration;
			buildSettings = {
				ALWAYS_SEARCH_USER_PATHS = NO;
				CLANG_ANALYZER_NONNULL = YES;
				CLANG_ANALYZER_NUMBER_OBJECT_CONVERSION = YES_AGGRESSIVE;
				CLANG_CXX_LANGUAGE_STANDARD = "gnu++14";
				CLANG_CXX_LIBRARY = "libc++";
				CLANG_ENABLE_MODULES = YES;
				CLANG_ENABLE_OBJC_ARC = YES;
				CLANG_ENABLE_OBJC_WEAK = YES;
				CLANG_WARN_BLOCK_CAPTURE_AUTORELEASING = YES;
				CLANG_WARN_BOOL_CONVERSION = YES;
				CLANG_WARN_COMMA = YES;
				CLANG_WARN_CONSTANT_CONVERSION = YES;
				CLANG_WARN_DEPRECATED_OBJC_IMPLEMENTATIONS = YES;
				CLANG_WARN_DIRECT_OBJC_ISA_USAGE = YES_ERROR;
				CLANG_WARN_DOCUMENTATION_COMMENTS = YES;
				CLANG_WARN_EMPTY_BODY = YES;
				CLANG_WARN_ENUM_CONVERSION = YES;
				CLANG_WARN_INFINITE_RECURSION = YES;
				CLANG_WARN_INT_CONVERSION = YES;
				CLANG_WARN_NON_LITERAL_NULL_CONVERSION = YES;
				CLANG_WARN_OBJC_IMPLICIT_RETAIN_SELF = YES;
				CLANG_WARN_OBJC_LITERAL_CONVERSION = YES;
				CLANG_WARN_OBJC_ROOT_CLASS = YES_ERROR;
				CLANG_WARN_RANGE_LOOP_ANALYSIS = YES;
				CLANG_WARN_STRICT_PROTOTYPES = YES;
				CLANG_WARN_SUSPICIOUS_MOVE = YES;
				CLANG_WARN_UNGUARDED_AVAILABILITY = YES_AGGRESSIVE;
				CLANG_WARN_UNREACHABLE_CODE = YES;
				CLANG_WARN__DUPLICATE_METHOD_MATCH = YES;
				CODE_SIGN_IDENTITY = "iPhone Developer";
				COPY_PHASE_STRIP = NO;
				DEBUG_INFORMATION_FORMAT = dwarf;
				ENABLE_STRICT_OBJC_MSGSEND = YES;
				ENABLE_TESTABILITY = YES;
				GCC_C_LANGUAGE_STANDARD = gnu11;
				GCC_DYNAMIC_NO_PIC = NO;
				GCC_NO_COMMON_BLOCKS = YES;
				GCC_OPTIMIZATION_LEVEL = 0;
				GCC_PREPROCESSOR_DEFINITIONS = (
					"DEBUG=1",
					"$(inherited)",
				);
				GCC_WARN_64_TO_32_BIT_CONVERSION = YES;
				GCC_WARN_ABOUT_RETURN_TYPE = YES_ERROR;
				GCC_WARN_UNDECLARED_SELECTOR = YES;
				GCC_WARN_UNINITIALIZED_AUTOS = YES_AGGRESSIVE;
				GCC_WARN_UNUSED_FUNCTION = YES;
				GCC_WARN_UNUSED_VARIABLE = YES;
				IPHONEOS_DEPLOYMENT_TARGET = 11.4;
				MTL_ENABLE_DEBUG_INFO = YES;
				ONLY_ACTIVE_ARCH = YES;
				SDKROOT = iphoneos;
				SWIFT_ACTIVE_COMPILATION_CONDITIONS = DEBUG;
				SWIFT_OPTIMIZATION_LEVEL = "-Onone";
			};
			name = Debug;
		};
		90B9FB23212536B0009C0D88 /* Release */ = {
			isa = XCBuildConfiguration;
			buildSettings = {
				ALWAYS_SEARCH_USER_PATHS = NO;
				CLANG_ANALYZER_NONNULL = YES;
				CLANG_ANALYZER_NUMBER_OBJECT_CONVERSION = YES_AGGRESSIVE;
				CLANG_CXX_LANGUAGE_STANDARD = "gnu++14";
				CLANG_CXX_LIBRARY = "libc++";
				CLANG_ENABLE_MODULES = YES;
				CLANG_ENABLE_OBJC_ARC = YES;
				CLANG_ENABLE_OBJC_WEAK = YES;
				CLANG_WARN_BLOCK_CAPTURE_AUTORELEASING = YES;
				CLANG_WARN_BOOL_CONVERSION = YES;
				CLANG_WARN_COMMA = YES;
				CLANG_WARN_CONSTANT_CONVERSION = YES;
				CLANG_WARN_DEPRECATED_OBJC_IMPLEMENTATIONS = YES;
				CLANG_WARN_DIRECT_OBJC_ISA_USAGE = YES_ERROR;
				CLANG_WARN_DOCUMENTATION_COMMENTS = YES;
				CLANG_WARN_EMPTY_BODY = YES;
				CLANG_WARN_ENUM_CONVERSION = YES;
				CLANG_WARN_INFINITE_RECURSION = YES;
				CLANG_WARN_INT_CONVERSION = YES;
				CLANG_WARN_NON_LITERAL_NULL_CONVERSION = YES;
				CLANG_WARN_OBJC_IMPLICIT_RETAIN_SELF = YES;
				CLANG_WARN_OBJC_LITERAL_CONVERSION = YES;
				CLANG_WARN_OBJC_ROOT_CLASS = YES_ERROR;
				CLANG_WARN_RANGE_LOOP_ANALYSIS = YES;
				CLANG_WARN_STRICT_PROTOTYPES = YES;
				CLANG_WARN_SUSPICIOUS_MOVE = YES;
				CLANG_WARN_UNGUARDED_AVAILABILITY = YES_AGGRESSIVE;
				CLANG_WARN_UNREACHABLE_CODE = YES;
				CLANG_WARN__DUPLICATE_METHOD_MATCH = YES;
				CODE_SIGN_IDENTITY = "iPhone Developer";
				COPY_PHASE_STRIP = NO;
				DEBUG_INFORMATION_FORMAT = "dwarf-with-dsym";
				ENABLE_NS_ASSERTIONS = NO;
				ENABLE_STRICT_OBJC_MSGSEND = YES;
				GCC_C_LANGUAGE_STANDARD = gnu11;
				GCC_NO_COMMON_BLOCKS = YES;
				GCC_WARN_64_TO_32_BIT_CONVERSION = YES;
				GCC_WARN_ABOUT_RETURN_TYPE = YES_ERROR;
				GCC_WARN_UNDECLARED_SELECTOR = YES;
				GCC_WARN_UNINITIALIZED_AUTOS = YES_AGGRESSIVE;
				GCC_WARN_UNUSED_FUNCTION = YES;
				GCC_WARN_UNUSED_VARIABLE = YES;
				IPHONEOS_DEPLOYMENT_TARGET = 11.4;
				MTL_ENABLE_DEBUG_INFO = NO;
				SDKROOT = iphoneos;
				SWIFT_OPTIMIZATION_LEVEL = "-Owholemodule";
				VALIDATE_PRODUCT = YES;
			};
			name = Release;
		};
		90B9FB25212536B0009C0D88 /* Debug */ = {
			isa = XCBuildConfiguration;
			buildSettings = {
				ASSETCATALOG_COMPILER_APPICON_NAME = AppIcon;
				CODE_SIGN_STYLE = Automatic;
				DEVELOPMENT_TEAM = "";
				INFOPLIST_FILE = SampleVIPER/Info.plist;
				LD_RUNPATH_SEARCH_PATHS = "$(inherited) @executable_path/Frameworks";
				PRODUCT_BUNDLE_IDENTIFIER = masakasu.SampleVIPER;
				PRODUCT_NAME = "$(TARGET_NAME)";
				SWIFT_VERSION = 4.0;
				TARGETED_DEVICE_FAMILY = "1,2";
			};
			name = Debug;
		};
		90B9FB26212536B0009C0D88 /* Release */ = {
			isa = XCBuildConfiguration;
			buildSettings = {
				ASSETCATALOG_COMPILER_APPICON_NAME = AppIcon;
				CODE_SIGN_STYLE = Automatic;
				DEVELOPMENT_TEAM = "";
				INFOPLIST_FILE = SampleVIPER/Info.plist;
				LD_RUNPATH_SEARCH_PATHS = "$(inherited) @executable_path/Frameworks";
				PRODUCT_BUNDLE_IDENTIFIER = masakasu.SampleVIPER;
				PRODUCT_NAME = "$(TARGET_NAME)";
				SWIFT_VERSION = 4.0;
				TARGETED_DEVICE_FAMILY = "1,2";
			};
			name = Release;
		};
/* End XCBuildConfiguration section */

/* Begin XCConfigurationList section */
		90B9FB0D212536AE009C0D88 /* Build configuration list for PBXProject "SampleVIPER" */ = {
			isa = XCConfigurationList;
			buildConfigurations = (
				90B9FB22212536B0009C0D88 /* Debug */,
				90B9FB23212536B0009C0D88 /* Release */,
			);
			defaultConfigurationIsVisible = 0;
			defaultConfigurationName = Release;
		};
		90B9FB24212536B0009C0D88 /* Build configuration list for PBXNativeTarget "SampleVIPER" */ = {
			isa = XCConfigurationList;
			buildConfigurations = (
				90B9FB25212536B0009C0D88 /* Debug */,
				90B9FB26212536B0009C0D88 /* Release */,
			);
			defaultConfigurationIsVisible = 0;
			defaultConfigurationName = Release;
		};
/* End XCConfigurationList section */
	};
	rootObject = 90B9FB0A212536AE009C0D88 /* Project object */;
}
